
Microsoft Visual Studio Solution File, Format Version 12.00
# Visual Studio Version 17
VisualStudioVersion = 17.10.34928.147
MinimumVisualStudioVersion = 10.0.40219.1
Project("{9A19103F-16F7-4668-BE54-9A1E7A4F7556}") = "task 4", "task 4\task 4.csproj", "{93126429-65BE-40F5-93A7-56544A45589A}"
EndProject
Project("{9A19103F-16F7-4668-BE54-9A1E7A4F7556}") = "task 2-3", "task 2-3\task 2-3.csproj", "{2A928135-3A20-4AD2-A30D-E0FCEF4B4152}"
EndProject
Project("{FAE04EC0-301F-11D3-BF4B-00C04F79EFBC}") = "task 5", "task 5\task 5.csproj", "{689C0B19-2482-44A3-8DA9-696792E890FF}"
EndProject
Global
	GlobalSection(SolutionConfigurationPlatforms) = preSolution
		Debug|Any CPU = Debug|Any CPU
		Release|Any CPU = Release|Any CPU
	EndGlobalSection
	GlobalSection(ProjectConfigurationPlatforms) = postSolution
		{93126429-65BE-40F5-93A7-56544A45589A}.Debug|Any CPU.ActiveCfg = Debug|Any CPU
		{93126429-65BE-40F5-93A7-56544A45589A}.Debug|Any CPU.Build.0 = Debug|Any CPU
		{93126429-65BE-40F5-93A7-56544A45589A}.Release|Any CPU.ActiveCfg = Release|Any CPU
		{93126429-65BE-40F5-93A7-56544A45589A}.Release|Any CPU.Build.0 = Release|Any CPU
		{2A928135-3A20-4AD2-A30D-E0FCEF4B4152}.Debug|Any CPU.ActiveCfg = Debug|Any CPU
		{2A928135-3A20-4AD2-A30D-E0FCEF4B4152}.Debug|Any CPU.Build.0 = Debug|Any CPU
		{2A928135-3A20-4AD2-A30D-E0FCEF4B4152}.Release|Any CPU.ActiveCfg = Release|Any CPU
		{2A928135-3A20-4AD2-A30D-E0FCEF4B4152}.Release|Any CPU.Build.0 = Release|Any CPU
		{689C0B19-2482-44A3-8DA9-696792E890FF}.Debug|Any CPU.ActiveCfg = Debug|Any CPU
		{689C0B19-2482-44A3-8DA9-696792E890FF}.Debug|Any CPU.Build.0 = Debug|Any CPU
		{689C0B19-2482-44A3-8DA9-696792E890FF}.Release|Any CPU.ActiveCfg = Release|Any CPU
		{689C0B19-2482-44A3-8DA9-696792E890FF}.Release|Any CPU.Build.0 = Release|Any CPU
	EndGlobalSection
	GlobalSection(SolutionProperties) = preSolution
		HideSolutionNode = FALSE
	EndGlobalSection
	GlobalSection(ExtensibilityGlobals) = postSolution
		SolutionGuid = {2772760F-D180-4623-9AE8-9CFBB2CCEB40}
	EndGlobalSection
EndGlobal
